
Microsoft Visual Studio Solution File, Format Version 12.00
# Visual Studio Version 17
VisualStudioVersion = 17.4.33110.190
MinimumVisualStudioVersion = 10.0.40219.1
Project("{FAE04EC0-301F-11D3-BF4B-00C04F79EFBC}") = "Car Rental System", "Car Rental System\Car Rental System.csproj", "{8638E061-CFCA-45D9-8E51-29A07D32E82D}"
EndProject
Global
	GlobalSection(SolutionConfigurationPlatforms) = preSolution
		Debug|Any CPU = Debug|Any CPU
		Release|Any CPU = Release|Any CPU
	EndGlobalSection
	GlobalSection(ProjectConfigurationPlatforms) = postSolution
		{8638E061-CFCA-45D9-8E51-29A07D32E82D}.Debug|Any CPU.ActiveCfg = Debug|Any CPU
		{8638E061-CFCA-45D9-8E51-29A07D32E82D}.Debug|Any CPU.Build.0 = Debug|Any CPU
		{8638E061-CFCA-45D9-8E51-29A07D32E82D}.Release|Any CPU.ActiveCfg = Release|Any CPU
		{8638E061-CFCA-45D9-8E51-29A07D32E82D}.Release|Any CPU.Build.0 = Release|Any CPU
	EndGlobalSection
	GlobalSection(SolutionProperties) = preSolution
		HideSolutionNode = FALSE
	EndGlobalSection
	GlobalSection(ExtensibilityGlobals) = postSolution
		SolutionGuid = {E1717D8F-9D1D-41FB-9A69-0C4E4104B713}
	EndGlobalSection
EndGlobal
